
Microsoft Visual Studio Solution File, Format Version 12.00
# Visual Studio Version 16
VisualStudioVersion = 16.0.31702.278
MinimumVisualStudioVersion = 10.0.40219.1
Project("{FAE04EC0-301F-11D3-BF4B-00C04F79EFBC}") = "Airplane", "Airplane\Airplane.csproj", "{7014A53F-7192-4438-B0E2-75AB38F7344C}"
EndProject
Global
	GlobalSection(SolutionConfigurationPlatforms) = preSolution
		Debug|Any CPU = Debug|Any CPU
		Release|Any CPU = Release|Any CPU
	EndGlobalSection
	GlobalSection(ProjectConfigurationPlatforms) = postSolution
		{7014A53F-7192-4438-B0E2-75AB38F7344C}.Debug|Any CPU.ActiveCfg = Debug|Any CPU
		{7014A53F-7192-4438-B0E2-75AB38F7344C}.Debug|Any CPU.Build.0 = Debug|Any CPU
		{7014A53F-7192-4438-B0E2-75AB38F7344C}.Release|Any CPU.ActiveCfg = Release|Any CPU
		{7014A53F-7192-4438-B0E2-75AB38F7344C}.Release|Any CPU.Build.0 = Release|Any CPU
	EndGlobalSection
	GlobalSection(SolutionProperties) = preSolution
		HideSolutionNode = FALSE
	EndGlobalSection
	GlobalSection(ExtensibilityGlobals) = postSolution
		SolutionGuid = {C27E3811-97A1-413B-91A6-C7F81FE7FF31}
	EndGlobalSection
EndGlobal
